<?xml version="1.0" encoding="utf-8"?>
<Project ToolsVersion="4.0" xmlns="http://schemas.microsoft.com/developer/msbuild/2003">
  <ItemGroup>
    <Filter Include="Исходные файлы">
      <UniqueIdentifier>{4FC737F1-C7A5-4376-A066-2A32D752A2FF}</UniqueIdentifier>
      <Extensions>cpp;c;cc;cxx;def;odl;idl;hpj;bat;asm;asmx</Extensions>
    </Filter>
    <Filter Include="Исходные файлы\SAMP">
      <UniqueIdentifier>{bbbf8167-cd61-4350-b6b2-ed04e0a0351f}</UniqueIdentifier>
    </Filter>
    <Filter Include="Исходные файлы\SAMP\RakNet">
      <UniqueIdentifier>{dbb043e7-6c7a-4a29-a411-a3c895ec5616}</UniqueIdentifier>
    </Filter>
    <Filter Include="Исходные файлы\imgui">
      <UniqueIdentifier>{4f042967-10b5-40f6-835d-35ca30808690}</UniqueIdentifier>
    </Filter>
    <Filter Include="Исходные файлы\DirectX">
      <UniqueIdentifier>{c5e0e29a-70a3-46d6-a125-6481a9e8a899}</UniqueIdentifier>
    </Filter>
    <Filter Include="Исходные файлы\SAMP\classes">
      <UniqueIdentifier>{61f7b405-7916-43d0-b45a-f0505b39ba8e}</UniqueIdentifier>
    </Filter>
    <Filter Include="Исходные файлы\SAMP\memwrapper">
      <UniqueIdentifier>{a00196c9-45ef-4e20-93ac-f1413b694d00}</UniqueIdentifier>
    </Filter>
    <Filter Include="Исходные файлы\SAMP\memwrapper\hde">
      <UniqueIdentifier>{0d2a1b4c-5aa0-4aa5-9467-62f067f87b2a}</UniqueIdentifier>
    </Filter>
    <Filter Include="Исходные файлы\SAMP\memwrapper\x86">
      <UniqueIdentifier>{48640d9d-fa87-4a4f-acdf-61826c0145af}</UniqueIdentifier>
    </Filter>
  </ItemGroup>
  <ItemGroup>
    <ClCompile Include="main.cpp">
      <Filter>Исходные файлы</Filter>
    </ClCompile>
    <ClCompile Include="SAMP\samp_auth.cpp">
      <Filter>Исходные файлы\SAMP</Filter>
    </ClCompile>
    <ClCompile Include="SAMP\samp_netencr.cpp">
      <Filter>Исходные файлы\SAMP</Filter>
    </ClCompile>
    <ClCompile Include="SAMP\RakNet\_findfirst.cpp">
      <Filter>Исходные файлы\SAMP\RakNet</Filter>
    </ClCompile>
    <ClCompile Include="SAMP\RakNet\BitStream.cpp">
      <Filter>Исходные файлы\SAMP\RakNet</Filter>
    </ClCompile>
    <ClCompile Include="SAMP\RakNet\CheckSum.cpp">
      <Filter>Исходные файлы\SAMP\RakNet</Filter>
    </ClCompile>
    <ClCompile Include="SAMP\RakNet\CommandParserInterface.cpp">
      <Filter>Исходные файлы\SAMP\RakNet</Filter>
    </ClCompile>
    <ClCompile Include="SAMP\RakNet\ConsoleServer.cpp">
      <Filter>Исходные файлы\SAMP\RakNet</Filter>
    </ClCompile>
    <ClCompile Include="SAMP\RakNet\DataBlockEncryptor.cpp">
      <Filter>Исходные файлы\SAMP\RakNet</Filter>
    </ClCompile>
    <ClCompile Include="SAMP\RakNet\DataCompressor.cpp">
      <Filter>Исходные файлы\SAMP\RakNet</Filter>
    </ClCompile>
    <ClCompile Include="SAMP\RakNet\DS_ByteQueue.cpp">
      <Filter>Исходные файлы\SAMP\RakNet</Filter>
    </ClCompile>
    <ClCompile Include="SAMP\RakNet\DS_HuffmanEncodingTree.cpp">
      <Filter>Исходные файлы\SAMP\RakNet</Filter>
    </ClCompile>
    <ClCompile Include="SAMP\RakNet\DS_Table.cpp">
      <Filter>Исходные файлы\SAMP\RakNet</Filter>
    </ClCompile>
    <ClCompile Include="SAMP\RakNet\GetTime.cpp">
      <Filter>Исходные файлы\SAMP\RakNet</Filter>
    </ClCompile>
    <ClCompile Include="SAMP\RakNet\InternalPacketPool.cpp">
      <Filter>Исходные файлы\SAMP\RakNet</Filter>
    </ClCompile>
    <ClCompile Include="SAMP\RakNet\LinuxStrings.cpp">
      <Filter>Исходные файлы\SAMP\RakNet</Filter>
    </ClCompile>
    <ClCompile Include="SAMP\RakNet\LogCommandParser.cpp">
      <Filter>Исходные файлы\SAMP\RakNet</Filter>
    </ClCompile>
    <ClCompile Include="SAMP\RakNet\NetworkIDGenerator.cpp">
      <Filter>Исходные файлы\SAMP\RakNet</Filter>
    </ClCompile>
    <ClCompile Include="SAMP\RakNet\NetworkTypes.cpp">
      <Filter>Исходные файлы\SAMP\RakNet</Filter>
    </ClCompile>
    <ClCompile Include="SAMP\RakNet\PluginInterface.cpp">
      <Filter>Исходные файлы\SAMP\RakNet</Filter>
    </ClCompile>
    <ClCompile Include="SAMP\RakNet\RakClient.cpp">
      <Filter>Исходные файлы\SAMP\RakNet</Filter>
    </ClCompile>
    <ClCompile Include="SAMP\RakNet\RakNetCommandParser.cpp">
      <Filter>Исходные файлы\SAMP\RakNet</Filter>
    </ClCompile>
    <ClCompile Include="SAMP\RakNet\RakNetStatistics.cpp">
      <Filter>Исходные файлы\SAMP\RakNet</Filter>
    </ClCompile>
    <ClCompile Include="SAMP\RakNet\RakNetworkFactory.cpp">
      <Filter>Исходные файлы\SAMP\RakNet</Filter>
    </ClCompile>
    <ClCompile Include="SAMP\RakNet\RakPeer.cpp">
      <Filter>Исходные файлы\SAMP\RakNet</Filter>
    </ClCompile>
    <ClCompile Include="SAMP\RakNet\RakSleep.cpp">
      <Filter>Исходные файлы\SAMP\RakNet</Filter>
    </ClCompile>
    <ClCompile Include="SAMP\RakNet\Rand.cpp">
      <Filter>Исходные файлы\SAMP\RakNet</Filter>
    </ClCompile>
    <ClCompile Include="SAMP\RakNet\ReliabilityLayer.cpp">
      <Filter>Исходные файлы\SAMP\RakNet</Filter>
    </ClCompile>
    <ClCompile Include="SAMP\RakNet\rijndael.cpp">
      <Filter>Исходные файлы\SAMP\RakNet</Filter>
    </ClCompile>
    <ClCompile Include="SAMP\RakNet\RPCMap.cpp">
      <Filter>Исходные файлы\SAMP\RakNet</Filter>
    </ClCompile>
    <ClCompile Include="SAMP\RakNet\SHA1.cpp">
      <Filter>Исходные файлы\SAMP\RakNet</Filter>
    </ClCompile>
    <ClCompile Include="SAMP\RakNet\SimpleMutex.cpp">
      <Filter>Исходные файлы\SAMP\RakNet</Filter>
    </ClCompile>
    <ClCompile Include="SAMP\RakNet\SocketLayer.cpp">
      <Filter>Исходные файлы\SAMP\RakNet</Filter>
    </ClCompile>
    <ClCompile Include="SAMP\RakNet\StringCompressor.cpp">
      <Filter>Исходные файлы\SAMP\RakNet</Filter>
    </ClCompile>
    <ClCompile Include="SAMP\RakNet\StringTable.cpp">
      <Filter>Исходные файлы\SAMP\RakNet</Filter>
    </ClCompile>
    <ClCompile Include="SAMP\RakNet\SystemAddressList.cpp">
      <Filter>Исходные файлы\SAMP\RakNet</Filter>
    </ClCompile>
    <ClCompile Include="SAMP\RakNet\SystemDatabaseClient.cpp">
      <Filter>Исходные файлы\SAMP\RakNet</Filter>
    </ClCompile>
    <ClCompile Include="SAMP\RakNet\SystemDatabaseServer.cpp">
      <Filter>Исходные файлы\SAMP\RakNet</Filter>
    </ClCompile>
    <ClCompile Include="SAMP\RakNet\TableSerializer.cpp">
      <Filter>Исходные файлы\SAMP\RakNet</Filter>
    </ClCompile>
    <ClCompile Include="imgui\imgui.cpp">
      <Filter>Исходные файлы\imgui</Filter>
    </ClCompile>
    <ClCompile Include="imgui\imgui_demo.cpp">
      <Filter>Исходные файлы\imgui</Filter>
    </ClCompile>
    <ClCompile Include="imgui\imgui_draw.cpp">
      <Filter>Исходные файлы\imgui</Filter>
    </ClCompile>
    <ClCompile Include="imgui\imgui_impl_dx9.cpp">
      <Filter>Исходные файлы\imgui</Filter>
    </ClCompile>
    <ClCompile Include="imgui\imgui_impl_win32.cpp">
      <Filter>Исходные файлы\imgui</Filter>
    </ClCompile>
    <ClCompile Include="imgui\imgui_tables.cpp">
      <Filter>Исходные файлы\imgui</Filter>
    </ClCompile>
    <ClCompile Include="imgui\imgui_widgets.cpp">
      <Filter>Исходные файлы\imgui</Filter>
    </ClCompile>
    <ClCompile Include="DirectX\d3drender.cpp">
      <Filter>Исходные файлы\DirectX</Filter>
    </ClCompile>
    <ClCompile Include="SAMP\classes\AimStuff.cpp">
      <Filter>Исходные файлы\SAMP\classes</Filter>
    </ClCompile>
    <ClCompile Include="SAMP\classes\CActor.cpp">
      <Filter>Исходные файлы\SAMP\classes</Filter>
    </ClCompile>
    <ClCompile Include="SAMP\classes\CActorPool.cpp">
      <Filter>Исходные файлы\SAMP\classes</Filter>
    </ClCompile>
    <ClCompile Include="SAMP\classes\CAudio.cpp">
      <Filter>Исходные файлы\SAMP\classes</Filter>
    </ClCompile>
    <ClCompile Include="SAMP\classes\CAudioStream.cpp">
      <Filter>Исходные файлы\SAMP\classes</Filter>
    </ClCompile>
    <ClCompile Include="SAMP\classes\CCamera.cpp">
      <Filter>Исходные файлы\SAMP\classes</Filter>
    </ClCompile>
    <ClCompile Include="SAMP\classes\CChat.cpp">
      <Filter>Исходные файлы\SAMP\classes</Filter>
    </ClCompile>
    <ClCompile Include="SAMP\classes\CConfig.cpp">
      <Filter>Исходные файлы\SAMP\classes</Filter>
    </ClCompile>
    <ClCompile Include="SAMP\classes\CDeathWindow.cpp">
      <Filter>Исходные файлы\SAMP\classes</Filter>
    </ClCompile>
    <ClCompile Include="SAMP\classes\CDialog.cpp">
      <Filter>Исходные файлы\SAMP\classes</Filter>
    </ClCompile>
    <ClCompile Include="SAMP\classes\CEntity.cpp">
      <Filter>Исходные файлы\SAMP\classes</Filter>
    </ClCompile>
    <ClCompile Include="SAMP\classes\CFonts.cpp">
      <Filter>Исходные файлы\SAMP\classes</Filter>
    </ClCompile>
    <ClCompile Include="SAMP\classes\CGame.cpp">
      <Filter>Исходные файлы\SAMP\classes</Filter>
    </ClCompile>
    <ClCompile Include="SAMP\classes\CGangZonePool.cpp">
      <Filter>Исходные файлы\SAMP\classes</Filter>
    </ClCompile>
    <ClCompile Include="SAMP\classes\CHttpClient.cpp">
      <Filter>Исходные файлы\SAMP\classes</Filter>
    </ClCompile>
    <ClCompile Include="SAMP\classes\CInput.cpp">
      <Filter>Исходные файлы\SAMP\classes</Filter>
    </ClCompile>
    <ClCompile Include="SAMP\classes\CLabel.cpp">
      <Filter>Исходные файлы\SAMP\classes</Filter>
    </ClCompile>
    <ClCompile Include="SAMP\classes\CLabelPool.cpp">
      <Filter>Исходные файлы\SAMP\classes</Filter>
    </ClCompile>
    <ClCompile Include="SAMP\classes\CLicensePlate.cpp">
      <Filter>Исходные файлы\SAMP\classes</Filter>
    </ClCompile>
    <ClCompile Include="SAMP\classes\CLocalPlayer.cpp">
      <Filter>Исходные файлы\SAMP\classes</Filter>
    </ClCompile>
    <ClCompile Include="SAMP\classes\CMenu.cpp">
      <Filter>Исходные файлы\SAMP\classes</Filter>
    </ClCompile>
    <ClCompile Include="SAMP\classes\CMenuPool.cpp">
      <Filter>Исходные файлы\SAMP\classes</Filter>
    </ClCompile>
    <ClCompile Include="SAMP\classes\CNetGame.cpp">
      <Filter>Исходные файлы\SAMP\classes</Filter>
    </ClCompile>
    <ClCompile Include="SAMP\classes\CNetStats.cpp">
      <Filter>Исходные файлы\SAMP\classes</Filter>
    </ClCompile>
    <ClCompile Include="SAMP\classes\CObject.cpp">
      <Filter>Исходные файлы\SAMP\classes</Filter>
    </ClCompile>
    <ClCompile Include="SAMP\classes\CObjectPool.cpp">
      <Filter>Исходные файлы\SAMP\classes</Filter>
    </ClCompile>
    <ClCompile Include="SAMP\classes\CObjectSelection.cpp">
      <Filter>Исходные файлы\SAMP\classes</Filter>
    </ClCompile>
    <ClCompile Include="SAMP\classes\Commands.cpp">
      <Filter>Исходные файлы\SAMP\classes</Filter>
    </ClCompile>
    <ClCompile Include="SAMP\classes\common.cpp">
      <Filter>Исходные файлы\SAMP\classes</Filter>
    </ClCompile>
    <ClCompile Include="SAMP\classes\CPed.cpp">
      <Filter>Исходные файлы\SAMP\classes</Filter>
    </ClCompile>
    <ClCompile Include="SAMP\classes\CPickupPool.cpp">
      <Filter>Исходные файлы\SAMP\classes</Filter>
    </ClCompile>
    <ClCompile Include="SAMP\classes\CPlayerInfo.cpp">
      <Filter>Исходные файлы\SAMP\classes</Filter>
    </ClCompile>
    <ClCompile Include="SAMP\classes\CPlayerPool.cpp">
      <Filter>Исходные файлы\SAMP\classes</Filter>
    </ClCompile>
    <ClCompile Include="SAMP\classes\CPlayerTags.cpp">
      <Filter>Исходные файлы\SAMP\classes</Filter>
    </ClCompile>
    <ClCompile Include="SAMP\classes\CRect.cpp">
      <Filter>Исходные файлы\SAMP\classes</Filter>
    </ClCompile>
    <ClCompile Include="SAMP\classes\CRemotePlayer.cpp">
      <Filter>Исходные файлы\SAMP\classes</Filter>
    </ClCompile>
    <ClCompile Include="SAMP\classes\CScoreboard.cpp">
      <Filter>Исходные файлы\SAMP\classes</Filter>
    </ClCompile>
    <ClCompile Include="SAMP\classes\CSpawnScreen.cpp">
      <Filter>Исходные файлы\SAMP\classes</Filter>
    </ClCompile>
    <ClCompile Include="SAMP\classes\CTextDraw.cpp">
      <Filter>Исходные файлы\SAMP\classes</Filter>
    </ClCompile>
    <ClCompile Include="SAMP\classes\CTextDrawPool.cpp">
      <Filter>Исходные файлы\SAMP\classes</Filter>
    </ClCompile>
    <ClCompile Include="SAMP\classes\CTextDrawSelection.cpp">
      <Filter>Исходные файлы\SAMP\classes</Filter>
    </ClCompile>
    <ClCompile Include="SAMP\classes\CVector.cpp">
      <Filter>Исходные файлы\SAMP\classes</Filter>
    </ClCompile>
    <ClCompile Include="SAMP\classes\CVehicle.cpp">
      <Filter>Исходные файлы\SAMP\classes</Filter>
    </ClCompile>
    <ClCompile Include="SAMP\classes\CVehiclePool.cpp">
      <Filter>Исходные файлы\SAMP\classes</Filter>
    </ClCompile>
    <ClCompile Include="SAMP\classes\Debug.cpp">
      <Filter>Исходные файлы\SAMP\classes</Filter>
    </ClCompile>
    <ClCompile Include="SAMP\classes\DebugScript.cpp">
      <Filter>Исходные файлы\SAMP\classes</Filter>
    </ClCompile>
    <ClCompile Include="SAMP\classes\Exception.cpp">
      <Filter>Исходные файлы\SAMP\classes</Filter>
    </ClCompile>
    <ClCompile Include="SAMP\classes\GUI.cpp">
      <Filter>Исходные файлы\SAMP\classes</Filter>
    </ClCompile>
    <ClCompile Include="SAMP\classes\InputHandler.cpp">
      <Filter>Исходные файлы\SAMP\classes</Filter>
    </ClCompile>
    <ClCompile Include="SAMP\classes\KeyStuff.cpp">
      <Filter>Исходные файлы\SAMP\classes</Filter>
    </ClCompile>
    <ClCompile Include="SAMP\classes\RPC.cpp">
      <Filter>Исходные файлы\SAMP\classes</Filter>
    </ClCompile>
    <ClCompile Include="SAMP\classes\Scripting.cpp">
      <Filter>Исходные файлы\SAMP\classes</Filter>
    </ClCompile>
    <ClCompile Include="SAMP\classes\Settings.cpp">
      <Filter>Исходные файлы\SAMP\classes</Filter>
    </ClCompile>
    <ClCompile Include="SAMP\classes\VehicleSelection.cpp">
      <Filter>Исходные файлы\SAMP\classes</Filter>
    </ClCompile>
    <ClCompile Include="memwrapper\hde\hde32.cpp">
      <Filter>Исходные файлы\SAMP\memwrapper\hde</Filter>
    </ClCompile>
  </ItemGroup>
  <ItemGroup>
    <ClInclude Include="SAMP\SAMP.hpp">
      <Filter>Исходные файлы\SAMP</Filter>
    </ClInclude>
    <ClInclude Include="SAMP\samp_auth.h">
      <Filter>Исходные файлы\SAMP</Filter>
    </ClInclude>
    <ClInclude Include="SAMP\samp_netencr.h">
      <Filter>Исходные файлы\SAMP</Filter>
    </ClInclude>
    <ClInclude Include="SAMP\SAMP_VER.h">
      <Filter>Исходные файлы\SAMP</Filter>
    </ClInclude>
    <ClInclude Include="SAMP\Structs.h">
      <Filter>Исходные файлы\SAMP</Filter>
    </ClInclude>
    <ClInclude Include="SAMP\RakNet\_findfirst.h">
      <Filter>Исходные файлы\SAMP\RakNet</Filter>
    </ClInclude>
    <ClInclude Include="SAMP\RakNet\AutopatcherPatchContext.h">
      <Filter>Исходные файлы\SAMP\RakNet</Filter>
    </ClInclude>
    <ClInclude Include="SAMP\RakNet\AutopatcherRepositoryInterface.h">
      <Filter>Исходные файлы\SAMP\RakNet</Filter>
    </ClInclude>
    <ClInclude Include="SAMP\RakNet\BigTypes.h">
      <Filter>Исходные файлы\SAMP\RakNet</Filter>
    </ClInclude>
    <ClInclude Include="SAMP\RakNet\BitStream.h">
      <Filter>Исходные файлы\SAMP\RakNet</Filter>
    </ClInclude>
    <ClInclude Include="SAMP\RakNet\CheckSum.h">
      <Filter>Исходные файлы\SAMP\RakNet</Filter>
    </ClInclude>
    <ClInclude Include="SAMP\RakNet\ClientContextStruct.h">
      <Filter>Исходные файлы\SAMP\RakNet</Filter>
    </ClInclude>
    <ClInclude Include="SAMP\RakNet\CommandParserInterface.h">
      <Filter>Исходные файлы\SAMP\RakNet</Filter>
    </ClInclude>
    <ClInclude Include="SAMP\RakNet\ConsoleServer.h">
      <Filter>Исходные файлы\SAMP\RakNet</Filter>
    </ClInclude>
    <ClInclude Include="SAMP\RakNet\DataBlockEncryptor.h">
      <Filter>Исходные файлы\SAMP\RakNet</Filter>
    </ClInclude>
    <ClInclude Include="SAMP\RakNet\DataCompressor.h">
      <Filter>Исходные файлы\SAMP\RakNet</Filter>
    </ClInclude>
    <ClInclude Include="SAMP\RakNet\DS_BinarySearchTree.h">
      <Filter>Исходные файлы\SAMP\RakNet</Filter>
    </ClInclude>
    <ClInclude Include="SAMP\RakNet\DS_BPlusTree.h">
      <Filter>Исходные файлы\SAMP\RakNet</Filter>
    </ClInclude>
    <ClInclude Include="SAMP\RakNet\DS_ByteQueue.h">
      <Filter>Исходные файлы\SAMP\RakNet</Filter>
    </ClInclude>
    <ClInclude Include="SAMP\RakNet\DS_Heap.h">
      <Filter>Исходные файлы\SAMP\RakNet</Filter>
    </ClInclude>
    <ClInclude Include="SAMP\RakNet\DS_HuffmanEncodingTree.h">
      <Filter>Исходные файлы\SAMP\RakNet</Filter>
    </ClInclude>
    <ClInclude Include="SAMP\RakNet\DS_HuffmanEncodingTreeFactory.h">
      <Filter>Исходные файлы\SAMP\RakNet</Filter>
    </ClInclude>
    <ClInclude Include="SAMP\RakNet\DS_HuffmanEncodingTreeNode.h">
      <Filter>Исходные файлы\SAMP\RakNet</Filter>
    </ClInclude>
    <ClInclude Include="SAMP\RakNet\DS_LinkedList.h">
      <Filter>Исходные файлы\SAMP\RakNet</Filter>
    </ClInclude>
    <ClInclude Include="SAMP\RakNet\DS_List.h">
      <Filter>Исходные файлы\SAMP\RakNet</Filter>
    </ClInclude>
    <ClInclude Include="SAMP\RakNet\DS_Map.h">
      <Filter>Исходные файлы\SAMP\RakNet</Filter>
    </ClInclude>
    <ClInclude Include="SAMP\RakNet\DS_MemoryPool.h">
      <Filter>Исходные файлы\SAMP\RakNet</Filter>
    </ClInclude>
    <ClInclude Include="SAMP\RakNet\DS_OrderedChannelHeap.h">
      <Filter>Исходные файлы\SAMP\RakNet</Filter>
    </ClInclude>
    <ClInclude Include="SAMP\RakNet\DS_OrderedList.h">
      <Filter>Исходные файлы\SAMP\RakNet</Filter>
    </ClInclude>
    <ClInclude Include="SAMP\RakNet\DS_Queue.h">
      <Filter>Исходные файлы\SAMP\RakNet</Filter>
    </ClInclude>
    <ClInclude Include="SAMP\RakNet\DS_QueueLinkedList.h">
      <Filter>Исходные файлы\SAMP\RakNet</Filter>
    </ClInclude>
    <ClInclude Include="SAMP\RakNet\DS_RangeList.h">
      <Filter>Исходные файлы\SAMP\RakNet</Filter>
    </ClInclude>
    <ClInclude Include="SAMP\RakNet\DS_Table.h">
      <Filter>Исходные файлы\SAMP\RakNet</Filter>
    </ClInclude>
    <ClInclude Include="SAMP\RakNet\DS_Tree.h">
      <Filter>Исходные файлы\SAMP\RakNet</Filter>
    </ClInclude>
    <ClInclude Include="SAMP\RakNet\DS_WeightedGraph.h">
      <Filter>Исходные файлы\SAMP\RakNet</Filter>
    </ClInclude>
    <ClInclude Include="SAMP\RakNet\Export.h">
      <Filter>Исходные файлы\SAMP\RakNet</Filter>
    </ClInclude>
    <ClInclude Include="SAMP\RakNet\GetTime.h">
      <Filter>Исходные файлы\SAMP\RakNet</Filter>
    </ClInclude>
    <ClInclude Include="SAMP\RakNet\InternalPacket.h">
      <Filter>Исходные файлы\SAMP\RakNet</Filter>
    </ClInclude>
    <ClInclude Include="SAMP\RakNet\InternalPacketPool.h">
      <Filter>Исходные файлы\SAMP\RakNet</Filter>
    </ClInclude>
    <ClInclude Include="SAMP\RakNet\LinuxStrings.h">
      <Filter>Исходные файлы\SAMP\RakNet</Filter>
    </ClInclude>
    <ClInclude Include="SAMP\RakNet\LogCommandParser.h">
      <Filter>Исходные файлы\SAMP\RakNet</Filter>
    </ClInclude>
    <ClInclude Include="SAMP\RakNet\MTUSize.h">
      <Filter>Исходные файлы\SAMP\RakNet</Filter>
    </ClInclude>
    <ClInclude Include="SAMP\RakNet\multiplayer.h">
      <Filter>Исходные файлы\SAMP\RakNet</Filter>
    </ClInclude>
    <ClInclude Include="SAMP\RakNet\NetworkIDGenerator.h">
      <Filter>Исходные файлы\SAMP\RakNet</Filter>
    </ClInclude>
    <ClInclude Include="SAMP\RakNet\NetworkTypes.h">
      <Filter>Исходные файлы\SAMP\RakNet</Filter>
    </ClInclude>
    <ClInclude Include="SAMP\RakNet\PacketEnumerations.h">
      <Filter>Исходные файлы\SAMP\RakNet</Filter>
    </ClInclude>
    <ClInclude Include="SAMP\RakNet\PacketPriority.h">
      <Filter>Исходные файлы\SAMP\RakNet</Filter>
    </ClInclude>
    <ClInclude Include="SAMP\RakNet\PluginInterface.h">
      <Filter>Исходные файлы\SAMP\RakNet</Filter>
    </ClInclude>
    <ClInclude Include="SAMP\RakNet\RakAssert.h">
      <Filter>Исходные файлы\SAMP\RakNet</Filter>
    </ClInclude>
    <ClInclude Include="SAMP\RakNet\RakClient.h">
      <Filter>Исходные файлы\SAMP\RakNet</Filter>
    </ClInclude>
    <ClInclude Include="SAMP\RakNet\RakClientInterface.h">
      <Filter>Исходные файлы\SAMP\RakNet</Filter>
    </ClInclude>
    <ClInclude Include="SAMP\RakNet\RakNetCommandParser.h">
      <Filter>Исходные файлы\SAMP\RakNet</Filter>
    </ClInclude>
    <ClInclude Include="SAMP\RakNet\RakNetDefines.h">
      <Filter>Исходные файлы\SAMP\RakNet</Filter>
    </ClInclude>
    <ClInclude Include="SAMP\RakNet\RakNetStatistics.h">
      <Filter>Исходные файлы\SAMP\RakNet</Filter>
    </ClInclude>
    <ClInclude Include="SAMP\RakNet\RakNetworkFactory.h">
      <Filter>Исходные файлы\SAMP\RakNet</Filter>
    </ClInclude>
    <ClInclude Include="SAMP\RakNet\rakpeer.h">
      <Filter>Исходные файлы\SAMP\RakNet</Filter>
    </ClInclude>
    <ClInclude Include="SAMP\RakNet\rakpeerinterface.h">
      <Filter>Исходные файлы\SAMP\RakNet</Filter>
    </ClInclude>
    <ClInclude Include="SAMP\RakNet\RakSleep.h">
      <Filter>Исходные файлы\SAMP\RakNet</Filter>
    </ClInclude>
    <ClInclude Include="SAMP\RakNet\Rand.h">
      <Filter>Исходные файлы\SAMP\RakNet</Filter>
    </ClInclude>
    <ClInclude Include="SAMP\RakNet\ReliabilityLayer.h">
      <Filter>Исходные файлы\SAMP\RakNet</Filter>
    </ClInclude>
    <ClInclude Include="SAMP\RakNet\Replica.h">
      <Filter>Исходные файлы\SAMP\RakNet</Filter>
    </ClInclude>
    <ClInclude Include="SAMP\RakNet\ReplicaEnums.h">
      <Filter>Исходные файлы\SAMP\RakNet</Filter>
    </ClInclude>
    <ClInclude Include="SAMP\RakNet\rijndael.h">
      <Filter>Исходные файлы\SAMP\RakNet</Filter>
    </ClInclude>
    <ClInclude Include="SAMP\RakNet\rijndael-boxes.h">
      <Filter>Исходные файлы\SAMP\RakNet</Filter>
    </ClInclude>
    <ClInclude Include="SAMP\RakNet\RouterInterface.h">
      <Filter>Исходные файлы\SAMP\RakNet</Filter>
    </ClInclude>
    <ClInclude Include="SAMP\RakNet\RPCMap.h">
      <Filter>Исходные файлы\SAMP\RakNet</Filter>
    </ClInclude>
    <ClInclude Include="SAMP\RakNet\RPCNode.h">
      <Filter>Исходные файлы\SAMP\RakNet</Filter>
    </ClInclude>
    <ClInclude Include="SAMP\RakNet\RSACrypt.h">
      <Filter>Исходные файлы\SAMP\RakNet</Filter>
    </ClInclude>
    <ClInclude Include="SAMP\RakNet\SHA1.h">
      <Filter>Исходные файлы\SAMP\RakNet</Filter>
    </ClInclude>
    <ClInclude Include="SAMP\RakNet\SimpleMutex.h">
      <Filter>Исходные файлы\SAMP\RakNet</Filter>
    </ClInclude>
    <ClInclude Include="SAMP\RakNet\SimpleTCPServer.h">
      <Filter>Исходные файлы\SAMP\RakNet</Filter>
    </ClInclude>
    <ClInclude Include="SAMP\RakNet\SingleProducerConsumer.h">
      <Filter>Исходные файлы\SAMP\RakNet</Filter>
    </ClInclude>
    <ClInclude Include="SAMP\RakNet\SocketLayer.h">
      <Filter>Исходные файлы\SAMP\RakNet</Filter>
    </ClInclude>
    <ClInclude Include="SAMP\RakNet\StringCompressor.h">
      <Filter>Исходные файлы\SAMP\RakNet</Filter>
    </ClInclude>
    <ClInclude Include="SAMP\RakNet\StringTable.h">
      <Filter>Исходные файлы\SAMP\RakNet</Filter>
    </ClInclude>
    <ClInclude Include="SAMP\RakNet\systemaddresslist.h">
      <Filter>Исходные файлы\SAMP\RakNet</Filter>
    </ClInclude>
    <ClInclude Include="SAMP\RakNet\SystemDatabaseClient.h">
      <Filter>Исходные файлы\SAMP\RakNet</Filter>
    </ClInclude>
    <ClInclude Include="SAMP\RakNet\SystemDatabaseServer.h">
      <Filter>Исходные файлы\SAMP\RakNet</Filter>
    </ClInclude>
    <ClInclude Include="SAMP\RakNet\TableSerializer.h">
      <Filter>Исходные файлы\SAMP\RakNet</Filter>
    </ClInclude>
    <ClInclude Include="SAMP\RakNet\ThreadPool.h">
      <Filter>Исходные файлы\SAMP\RakNet</Filter>
    </ClInclude>
    <ClInclude Include="SAMP\RakNet\TransportInterface.h">
      <Filter>Исходные файлы\SAMP\RakNet</Filter>
    </ClInclude>
    <ClInclude Include="SAMP\RakNet\Types.h">
      <Filter>Исходные файлы\SAMP\RakNet</Filter>
    </ClInclude>
    <ClInclude Include="imgui\imconfig.h">
      <Filter>Исходные файлы\imgui</Filter>
    </ClInclude>
    <ClInclude Include="imgui\imgui.h">
      <Filter>Исходные файлы\imgui</Filter>
    </ClInclude>
    <ClInclude Include="imgui\imgui_impl_dx9.h">
      <Filter>Исходные файлы\imgui</Filter>
    </ClInclude>
    <ClInclude Include="imgui\imgui_impl_win32.h">
      <Filter>Исходные файлы\imgui</Filter>
    </ClInclude>
    <ClInclude Include="imgui\imgui_internal.h">
      <Filter>Исходные файлы\imgui</Filter>
    </ClInclude>
    <ClInclude Include="imgui\imstb_rectpack.h">
      <Filter>Исходные файлы\imgui</Filter>
    </ClInclude>
    <ClInclude Include="imgui\imstb_textedit.h">
      <Filter>Исходные файлы\imgui</Filter>
    </ClInclude>
    <ClInclude Include="imgui\imstb_truetype.h">
      <Filter>Исходные файлы\imgui</Filter>
    </ClInclude>
    <ClInclude Include="main.h">
      <Filter>Исходные файлы</Filter>
    </ClInclude>
    <ClInclude Include="DirectX\d3d9.h">
      <Filter>Исходные файлы\DirectX</Filter>
    </ClInclude>
    <ClInclude Include="DirectX\d3d9caps.h">
      <Filter>Исходные файлы\DirectX</Filter>
    </ClInclude>
    <ClInclude Include="DirectX\d3d9types.h">
      <Filter>Исходные файлы\DirectX</Filter>
    </ClInclude>
    <ClInclude Include="DirectX\d3drender.h">
      <Filter>Исходные файлы\DirectX</Filter>
    </ClInclude>
    <ClInclude Include="DirectX\d3dx9.h">
      <Filter>Исходные файлы\DirectX</Filter>
    </ClInclude>
    <ClInclude Include="DirectX\d3dx9anim.h">
      <Filter>Исходные файлы\DirectX</Filter>
    </ClInclude>
    <ClInclude Include="DirectX\d3dx9core.h">
      <Filter>Исходные файлы\DirectX</Filter>
    </ClInclude>
    <ClInclude Include="DirectX\d3dx9effect.h">
      <Filter>Исходные файлы\DirectX</Filter>
    </ClInclude>
    <ClInclude Include="DirectX\d3dx9math.h">
      <Filter>Исходные файлы\DirectX</Filter>
    </ClInclude>
    <ClInclude Include="DirectX\d3dx9mesh.h">
      <Filter>Исходные файлы\DirectX</Filter>
    </ClInclude>
    <ClInclude Include="DirectX\d3dx9shader.h">
      <Filter>Исходные файлы\DirectX</Filter>
    </ClInclude>
    <ClInclude Include="DirectX\d3dx9shape.h">
      <Filter>Исходные файлы\DirectX</Filter>
    </ClInclude>
    <ClInclude Include="DirectX\d3dx9tex.h">
      <Filter>Исходные файлы\DirectX</Filter>
    </ClInclude>
    <ClInclude Include="DirectX\d3dx9xof.h">
      <Filter>Исходные файлы\DirectX</Filter>
    </ClInclude>
    <ClInclude Include="SAMP\classes\AimStuff.h">
      <Filter>Исходные файлы\SAMP\classes</Filter>
    </ClInclude>
    <ClInclude Include="SAMP\classes\Animation.h">
      <Filter>Исходные файлы\SAMP\classes</Filter>
    </ClInclude>
    <ClInclude Include="SAMP\classes\CActor.h">
      <Filter>Исходные файлы\SAMP\classes</Filter>
    </ClInclude>
    <ClInclude Include="SAMP\classes\CActorPool.h">
      <Filter>Исходные файлы\SAMP\classes</Filter>
    </ClInclude>
    <ClInclude Include="SAMP\classes\CAudio.h">
      <Filter>Исходные файлы\SAMP\classes</Filter>
    </ClInclude>
    <ClInclude Include="SAMP\classes\CAudioStream.h">
      <Filter>Исходные файлы\SAMP\classes</Filter>
    </ClInclude>
    <ClInclude Include="SAMP\classes\CCamera.h">
      <Filter>Исходные файлы\SAMP\classes</Filter>
    </ClInclude>
    <ClInclude Include="SAMP\classes\CChat.h">
      <Filter>Исходные файлы\SAMP\classes</Filter>
    </ClInclude>
    <ClInclude Include="SAMP\classes\CConfig.h">
      <Filter>Исходные файлы\SAMP\classes</Filter>
    </ClInclude>
    <ClInclude Include="SAMP\classes\CDeathWindow.h">
      <Filter>Исходные файлы\SAMP\classes</Filter>
    </ClInclude>
    <ClInclude Include="SAMP\classes\CDialog.h">
      <Filter>Исходные файлы\SAMP\classes</Filter>
    </ClInclude>
    <ClInclude Include="SAMP\classes\CEntity.h">
      <Filter>Исходные файлы\SAMP\classes</Filter>
    </ClInclude>
    <ClInclude Include="SAMP\classes\CFonts.h">
      <Filter>Исходные файлы\SAMP\classes</Filter>
    </ClInclude>
    <ClInclude Include="SAMP\classes\CGame.h">
      <Filter>Исходные файлы\SAMP\classes</Filter>
    </ClInclude>
    <ClInclude Include="SAMP\classes\CGangZonePool.h">
      <Filter>Исходные файлы\SAMP\classes</Filter>
    </ClInclude>
    <ClInclude Include="SAMP\classes\CHttpClient.h">
      <Filter>Исходные файлы\SAMP\classes</Filter>
    </ClInclude>
    <ClInclude Include="SAMP\classes\CInput.h">
      <Filter>Исходные файлы\SAMP\classes</Filter>
    </ClInclude>
    <ClInclude Include="SAMP\classes\CLabel.h">
      <Filter>Исходные файлы\SAMP\classes</Filter>
    </ClInclude>
    <ClInclude Include="SAMP\classes\CLabelPool.h">
      <Filter>Исходные файлы\SAMP\classes</Filter>
    </ClInclude>
    <ClInclude Include="SAMP\classes\CLicensePlate.h">
      <Filter>Исходные файлы\SAMP\classes</Filter>
    </ClInclude>
    <ClInclude Include="SAMP\classes\CLocalPlayer.h">
      <Filter>Исходные файлы\SAMP\classes</Filter>
    </ClInclude>
    <ClInclude Include="SAMP\classes\CMatrix.h">
      <Filter>Исходные файлы\SAMP\classes</Filter>
    </ClInclude>
    <ClInclude Include="SAMP\classes\CMenu.h">
      <Filter>Исходные файлы\SAMP\classes</Filter>
    </ClInclude>
    <ClInclude Include="SAMP\classes\CMenuPool.h">
      <Filter>Исходные файлы\SAMP\classes</Filter>
    </ClInclude>
    <ClInclude Include="SAMP\classes\CNetGame.h">
      <Filter>Исходные файлы\SAMP\classes</Filter>
    </ClInclude>
    <ClInclude Include="SAMP\classes\CNetStats.h">
      <Filter>Исходные файлы\SAMP\classes</Filter>
    </ClInclude>
    <ClInclude Include="SAMP\classes\CObject.h">
      <Filter>Исходные файлы\SAMP\classes</Filter>
    </ClInclude>
    <ClInclude Include="SAMP\classes\CObjectPool.h">
      <Filter>Исходные файлы\SAMP\classes</Filter>
    </ClInclude>
    <ClInclude Include="SAMP\classes\CObjectSelection.h">
      <Filter>Исходные файлы\SAMP\classes</Filter>
    </ClInclude>
    <ClInclude Include="SAMP\classes\Commands.h">
      <Filter>Исходные файлы\SAMP\classes</Filter>
    </ClInclude>
    <ClInclude Include="SAMP\classes\common.h">
      <Filter>Исходные файлы\SAMP\classes</Filter>
    </ClInclude>
    <ClInclude Include="SAMP\classes\ControllerState.h">
      <Filter>Исходные файлы\SAMP\classes</Filter>
    </ClInclude>
    <ClInclude Include="SAMP\classes\CPed.h">
      <Filter>Исходные файлы\SAMP\classes</Filter>
    </ClInclude>
    <ClInclude Include="SAMP\classes\CPickupPool.h">
      <Filter>Исходные файлы\SAMP\classes</Filter>
    </ClInclude>
    <ClInclude Include="SAMP\classes\CPlayerInfo.h">
      <Filter>Исходные файлы\SAMP\classes</Filter>
    </ClInclude>
    <ClInclude Include="SAMP\classes\CPlayerPool.h">
      <Filter>Исходные файлы\SAMP\classes</Filter>
    </ClInclude>
    <ClInclude Include="SAMP\classes\CPlayerTags.h">
      <Filter>Исходные файлы\SAMP\classes</Filter>
    </ClInclude>
    <ClInclude Include="SAMP\classes\CRect.h">
      <Filter>Исходные файлы\SAMP\classes</Filter>
    </ClInclude>
    <ClInclude Include="SAMP\classes\CRemotePlayer.h">
      <Filter>Исходные файлы\SAMP\classes</Filter>
    </ClInclude>
    <ClInclude Include="SAMP\classes\CScoreboard.h">
      <Filter>Исходные файлы\SAMP\classes</Filter>
    </ClInclude>
    <ClInclude Include="SAMP\classes\CSpawnScreen.h">
      <Filter>Исходные файлы\SAMP\classes</Filter>
    </ClInclude>
    <ClInclude Include="SAMP\classes\CTextDraw.h">
      <Filter>Исходные файлы\SAMP\classes</Filter>
    </ClInclude>
    <ClInclude Include="SAMP\classes\CTextDrawPool.h">
      <Filter>Исходные файлы\SAMP\classes</Filter>
    </ClInclude>
    <ClInclude Include="SAMP\classes\CTextDrawSelection.h">
      <Filter>Исходные файлы\SAMP\classes</Filter>
    </ClInclude>
    <ClInclude Include="SAMP\classes\CVector.h">
      <Filter>Исходные файлы\SAMP\classes</Filter>
    </ClInclude>
    <ClInclude Include="SAMP\classes\CVehicle.h">
      <Filter>Исходные файлы\SAMP\classes</Filter>
    </ClInclude>
    <ClInclude Include="SAMP\classes\CVehiclePool.h">
      <Filter>Исходные файлы\SAMP\classes</Filter>
    </ClInclude>
    <ClInclude Include="SAMP\classes\Debug.h">
      <Filter>Исходные файлы\SAMP\classes</Filter>
    </ClInclude>
    <ClInclude Include="SAMP\classes\DebugScript.h">
      <Filter>Исходные файлы\SAMP\classes</Filter>
    </ClInclude>
    <ClInclude Include="SAMP\classes\Exception.h">
      <Filter>Исходные файлы\SAMP\classes</Filter>
    </ClInclude>
    <ClInclude Include="SAMP\classes\GUI.h">
      <Filter>Исходные файлы\SAMP\classes</Filter>
    </ClInclude>
    <ClInclude Include="SAMP\classes\InputHandler.h">
      <Filter>Исходные файлы\SAMP\classes</Filter>
    </ClInclude>
    <ClInclude Include="SAMP\classes\KeyStuff.h">
      <Filter>Исходные файлы\SAMP\classes</Filter>
    </ClInclude>
    <ClInclude Include="SAMP\classes\Packets.h">
      <Filter>Исходные файлы\SAMP\classes</Filter>
    </ClInclude>
    <ClInclude Include="SAMP\classes\RPC.h">
      <Filter>Исходные файлы\SAMP\classes</Filter>
    </ClInclude>
    <ClInclude Include="SAMP\classes\Scripting.h">
      <Filter>Исходные файлы\SAMP\classes</Filter>
    </ClInclude>
    <ClInclude Include="SAMP\classes\Settings.h">
      <Filter>Исходные файлы\SAMP\classes</Filter>
    </ClInclude>
    <ClInclude Include="SAMP\classes\SpecialAction.h">
      <Filter>Исходные файлы\SAMP\classes</Filter>
    </ClInclude>
    <ClInclude Include="SAMP\classes\VehicleSelection.h">
      <Filter>Исходные файлы\SAMP\classes</Filter>
    </ClInclude>
    <ClInclude Include="memwrapper\memwrapper.h">
      <Filter>Исходные файлы\SAMP\memwrapper</Filter>
    </ClInclude>
    <ClInclude Include="memwrapper\hde\hde32.h">
      <Filter>Исходные файлы\SAMP\memwrapper\hde</Filter>
    </ClInclude>
    <ClInclude Include="memwrapper\hde\table32.h">
      <Filter>Исходные файлы\SAMP\memwrapper\hde</Filter>
    </ClInclude>
    <ClInclude Include="memwrapper\x86\memwrapper_allocator.hpp">
      <Filter>Исходные файлы\SAMP\memwrapper\x86</Filter>
    </ClInclude>
    <ClInclude Include="memwrapper\x86\memwrapper_basic.hpp">
      <Filter>Исходные файлы\SAMP\memwrapper\x86</Filter>
    </ClInclude>
    <ClInclude Include="memwrapper\x86\memwrapper_detail.hpp">
      <Filter>Исходные файлы\SAMP\memwrapper\x86</Filter>
    </ClInclude>
    <ClInclude Include="memwrapper\x86\memwrapper_hook.hpp">
      <Filter>Исходные файлы\SAMP\memwrapper\x86</Filter>
    </ClInclude>
    <ClInclude Include="memwrapper\x86\memwrapper_llmo.hpp">
      <Filter>Исходные файлы\SAMP\memwrapper\x86</Filter>
    </ClInclude>
  </ItemGroup>
  <ItemGroup>
    <None Include="DirectX\d3dx9math.inl">
      <Filter>Исходные файлы\DirectX</Filter>
    </None>
  </ItemGroup>
</Project>